// !$*UTF8*$!
{
	archiveVersion = 1;
	classes = {
	};
	objectVersion = 55;
	objects = {

/* Begin PBXBuildFile section */
		236EA691F6833F3B6E20C439 /* Pods_TV_GuideTests.framework in Frameworks */ = {isa = PBXBuildFile; fileRef = 72C622444FE84DB5C0969082 /* Pods_TV_GuideTests.framework */; };
		2B0C788A28417C9B00FE9433 /* AppDelegate.swift in Sources */ = {isa = PBXBuildFile; fileRef = 2B0C788928417C9B00FE9433 /* AppDelegate.swift */; };
		2B0C788C28417C9B00FE9433 /* SceneDelegate.swift in Sources */ = {isa = PBXBuildFile; fileRef = 2B0C788B28417C9B00FE9433 /* SceneDelegate.swift */; };
		2B0C788E28417C9B00FE9433 /* ShowsListViewController.swift in Sources */ = {isa = PBXBuildFile; fileRef = 2B0C788D28417C9B00FE9433 /* ShowsListViewController.swift */; };
		2B0C789328417C9E00FE9433 /* Assets.xcassets in Resources */ = {isa = PBXBuildFile; fileRef = 2B0C789228417C9E00FE9433 /* Assets.xcassets */; };
		2B0C789628417C9E00FE9433 /* LaunchScreen.storyboard in Resources */ = {isa = PBXBuildFile; fileRef = 2B0C789428417C9E00FE9433 /* LaunchScreen.storyboard */; };
		2B0C78A128417C9F00FE9433 /* TV_GuideTests.swift in Sources */ = {isa = PBXBuildFile; fileRef = 2B0C78A028417C9F00FE9433 /* TV_GuideTests.swift */; };
		2B0C78BF28417FE800FE9433 /* R.generated.swift in Sources */ = {isa = PBXBuildFile; fileRef = 2B0C78BE28417FE800FE9433 /* R.generated.swift */; };
		2B0C78C22841834800FE9433 /* UIView+Constraints.swift in Sources */ = {isa = PBXBuildFile; fileRef = 2B0C78C12841834800FE9433 /* UIView+Constraints.swift */; };
		2B0C78C5284185D200FE9433 /* ShowListTableViewCell.swift in Sources */ = {isa = PBXBuildFile; fileRef = 2B0C78C4284185D200FE9433 /* ShowListTableViewCell.swift */; };
		2B0C78C7284194AA00FE9433 /* UITableView+Cell.swift in Sources */ = {isa = PBXBuildFile; fileRef = 2B0C78C6284194AA00FE9433 /* UITableView+Cell.swift */; };
		2B0C78C92841964300FE9433 /* Localizable.strings in Resources */ = {isa = PBXBuildFile; fileRef = 2B0C78C82841964300FE9433 /* Localizable.strings */; };
		2B0C78CD2841969700FE9433 /* ShowListViewModel.swift in Sources */ = {isa = PBXBuildFile; fileRef = 2B0C78CC2841969700FE9433 /* ShowListViewModel.swift */; };
		2B0C78D0284196E700FE9433 /* Show.swift in Sources */ = {isa = PBXBuildFile; fileRef = 2B0C78CF284196E700FE9433 /* Show.swift */; };
		2B0C78D52841A98400FE9433 /* RequestHandler.swift in Sources */ = {isa = PBXBuildFile; fileRef = 2B0C78D42841A98400FE9433 /* RequestHandler.swift */; };
		2B0C78D72841A9AA00FE9433 /* ResponseHandler.swift in Sources */ = {isa = PBXBuildFile; fileRef = 2B0C78D62841A9AA00FE9433 /* ResponseHandler.swift */; };
		2B0C78DA2841A9CE00FE9433 /* NetworkSession.swift in Sources */ = {isa = PBXBuildFile; fileRef = 2B0C78D92841A9CE00FE9433 /* NetworkSession.swift */; };
		2B0C78DC2841A9E200FE9433 /* Router.swift in Sources */ = {isa = PBXBuildFile; fileRef = 2B0C78DB2841A9E200FE9433 /* Router.swift */; };
		2B0C78DE2841AA0600FE9433 /* APILoader.swift in Sources */ = {isa = PBXBuildFile; fileRef = 2B0C78DD2841AA0600FE9433 /* APILoader.swift */; };
		2B0C78E12841AA3600FE9433 /* APIError.swift in Sources */ = {isa = PBXBuildFile; fileRef = 2B0C78E02841AA3600FE9433 /* APIError.swift */; };
		2B0C78E42841AAA200FE9433 /* URLSession+NetworkSession.swift in Sources */ = {isa = PBXBuildFile; fileRef = 2B0C78E32841AAA200FE9433 /* URLSession+NetworkSession.swift */; };
		2B0C78E62841AB0A00FE9433 /* TVMazeRouter.swift in Sources */ = {isa = PBXBuildFile; fileRef = 2B0C78E52841AB0A00FE9433 /* TVMazeRouter.swift */; };
		2B0C78E82841AC8B00FE9433 /* TVMazeAPI.swift in Sources */ = {isa = PBXBuildFile; fileRef = 2B0C78E72841AC8B00FE9433 /* TVMazeAPI.swift */; };
		2B0C78EC2841AF5E00FE9433 /* TVGuideService.swift in Sources */ = {isa = PBXBuildFile; fileRef = 2B0C78EB2841AF5E00FE9433 /* TVGuideService.swift */; };
		2B0C78EE2841D27300FE9433 /* LoadMoreTableViewCell.swift in Sources */ = {isa = PBXBuildFile; fileRef = 2B0C78ED2841D27300FE9433 /* LoadMoreTableViewCell.swift */; };
		2B0C78F12841DECD00FE9433 /* SearchResult.swift in Sources */ = {isa = PBXBuildFile; fileRef = 2B0C78F02841DECD00FE9433 /* SearchResult.swift */; };
		2B0C78F42841EC8200FE9433 /* ShowDetailViewController.swift in Sources */ = {isa = PBXBuildFile; fileRef = 2B0C78F32841EC8200FE9433 /* ShowDetailViewController.swift */; };
		2B0C78F62841FE8400FE9433 /* ShowDetailViewModel.swift in Sources */ = {isa = PBXBuildFile; fileRef = 2B0C78F52841FE8400FE9433 /* ShowDetailViewModel.swift */; };
		2B0C78F92841FF7000FE9433 /* ShowDetailHeaderTableCell.swift in Sources */ = {isa = PBXBuildFile; fileRef = 2B0C78F82841FF7000FE9433 /* ShowDetailHeaderTableCell.swift */; };
		2B0C78FB2842014A00FE9433 /* UIView+Apply.swift in Sources */ = {isa = PBXBuildFile; fileRef = 2B0C78FA2842014A00FE9433 /* UIView+Apply.swift */; };
		2B0C79042842172E00FE9433 /* SummaryTableCell.swift in Sources */ = {isa = PBXBuildFile; fileRef = 2B0C79032842172E00FE9433 /* SummaryTableCell.swift */; };
		2B0C790628422BC000FE9433 /* Season.swift in Sources */ = {isa = PBXBuildFile; fileRef = 2B0C790528422BC000FE9433 /* Season.swift */; };
		2B0C790828422C0C00FE9433 /* Episode.swift in Sources */ = {isa = PBXBuildFile; fileRef = 2B0C790728422C0C00FE9433 /* Episode.swift */; };
		2B0C790A284335CB00FE9433 /* ShowDetailEpisodeTableCell.swift in Sources */ = {isa = PBXBuildFile; fileRef = 2B0C7909284335CB00FE9433 /* ShowDetailEpisodeTableCell.swift */; };
		2B0C790C2843429200FE9433 /* ShowDetailEpisodesHeaderCell.swift in Sources */ = {isa = PBXBuildFile; fileRef = 2B0C790B2843429100FE9433 /* ShowDetailEpisodesHeaderCell.swift */; };
		2B0C790E284344E200FE9433 /* UIFont+AppFonts.swift in Sources */ = {isa = PBXBuildFile; fileRef = 2B0C790D284344E200FE9433 /* UIFont+AppFonts.swift */; };
		2B0C791128434B7B00FE9433 /* EpisodeDetailViewController.swift in Sources */ = {isa = PBXBuildFile; fileRef = 2B0C791028434B7B00FE9433 /* EpisodeDetailViewController.swift */; };
		2B0C791328434C1900FE9433 /* EpisodeDetailViewModel.swift in Sources */ = {isa = PBXBuildFile; fileRef = 2B0C791228434C1900FE9433 /* EpisodeDetailViewModel.swift */; };
		2B0C79162843509000FE9433 /* PictureTableCell.swift in Sources */ = {isa = PBXBuildFile; fileRef = 2B0C79152843509000FE9433 /* PictureTableCell.swift */; };
		2B0C79192843510A00FE9433 /* Constants.swift in Sources */ = {isa = PBXBuildFile; fileRef = 2B0C79182843510A00FE9433 /* Constants.swift */; };
		481908B09E68A5B0C1FA56D6 /* Pods_TV_Guide_TV_GuideUITests.framework in Frameworks */ = {isa = PBXBuildFile; fileRef = 2C0A6DCD9ACD05057F6DDB00 /* Pods_TV_Guide_TV_GuideUITests.framework */; };
		ECF5BB01225737340D7A12BA /* Pods_TV_Guide.framework in Frameworks */ = {isa = PBXBuildFile; fileRef = 9BAB01B696987F7E60D08FFE /* Pods_TV_Guide.framework */; };
/* End PBXBuildFile section */

/* Begin PBXContainerItemProxy section */
		2B0C789D28417C9F00FE9433 /* PBXContainerItemProxy */ = {
			isa = PBXContainerItemProxy;
			containerPortal = 2B0C787E28417C9B00FE9433 /* Project object */;
			proxyType = 1;
			remoteGlobalIDString = 2B0C788528417C9B00FE9433;
			remoteInfo = "TV Guide";
		};
		2B0C78A728417C9F00FE9433 /* PBXContainerItemProxy */ = {
			isa = PBXContainerItemProxy;
			containerPortal = 2B0C787E28417C9B00FE9433 /* Project object */;
			proxyType = 1;
			remoteGlobalIDString = 2B0C788528417C9B00FE9433;
			remoteInfo = "TV Guide";
		};
/* End PBXContainerItemProxy section */

/* Begin PBXFileReference section */
		2B0C788628417C9B00FE9433 /* TV Guide.app */ = {isa = PBXFileReference; explicitFileType = wrapper.application; includeInIndex = 0; path = "TV Guide.app"; sourceTree = BUILT_PRODUCTS_DIR; };
		2B0C788928417C9B00FE9433 /* AppDelegate.swift */ = {isa = PBXFileReference; lastKnownFileType = sourcecode.swift; path = AppDelegate.swift; sourceTree = "<group>"; };
		2B0C788B28417C9B00FE9433 /* SceneDelegate.swift */ = {isa = PBXFileReference; lastKnownFileType = sourcecode.swift; path = SceneDelegate.swift; sourceTree = "<group>"; };
		2B0C788D28417C9B00FE9433 /* ShowsListViewController.swift */ = {isa = PBXFileReference; lastKnownFileType = sourcecode.swift; path = ShowsListViewController.swift; sourceTree = "<group>"; };
		2B0C789228417C9E00FE9433 /* Assets.xcassets */ = {isa = PBXFileReference; lastKnownFileType = folder.assetcatalog; path = Assets.xcassets; sourceTree = "<group>"; };
		2B0C789528417C9E00FE9433 /* Base */ = {isa = PBXFileReference; lastKnownFileType = file.storyboard; name = Base; path = Base.lproj/LaunchScreen.storyboard; sourceTree = "<group>"; };
		2B0C789728417C9E00FE9433 /* Info.plist */ = {isa = PBXFileReference; lastKnownFileType = text.plist.xml; path = Info.plist; sourceTree = "<group>"; };
		2B0C789C28417C9F00FE9433 /* TV GuideTests.xctest */ = {isa = PBXFileReference; explicitFileType = wrapper.cfbundle; includeInIndex = 0; path = "TV GuideTests.xctest"; sourceTree = BUILT_PRODUCTS_DIR; };
		2B0C78A028417C9F00FE9433 /* TV_GuideTests.swift */ = {isa = PBXFileReference; lastKnownFileType = sourcecode.swift; path = TV_GuideTests.swift; sourceTree = "<group>"; };
		2B0C78A628417C9F00FE9433 /* TV GuideUITests.xctest */ = {isa = PBXFileReference; explicitFileType = wrapper.cfbundle; includeInIndex = 0; path = "TV GuideUITests.xctest"; sourceTree = BUILT_PRODUCTS_DIR; };
		2B0C78BE28417FE800FE9433 /* R.generated.swift */ = {isa = PBXFileReference; fileEncoding = 4; lastKnownFileType = sourcecode.swift; path = R.generated.swift; sourceTree = SOURCE_ROOT; };
		2B0C78C12841834800FE9433 /* UIView+Constraints.swift */ = {isa = PBXFileReference; lastKnownFileType = sourcecode.swift; path = "UIView+Constraints.swift"; sourceTree = "<group>"; };
		2B0C78C4284185D200FE9433 /* ShowListTableViewCell.swift */ = {isa = PBXFileReference; lastKnownFileType = sourcecode.swift; path = ShowListTableViewCell.swift; sourceTree = "<group>"; };
		2B0C78C6284194AA00FE9433 /* UITableView+Cell.swift */ = {isa = PBXFileReference; lastKnownFileType = sourcecode.swift; path = "UITableView+Cell.swift"; sourceTree = "<group>"; };
		2B0C78C82841964300FE9433 /* Localizable.strings */ = {isa = PBXFileReference; lastKnownFileType = text.plist.strings; path = Localizable.strings; sourceTree = "<group>"; };
		2B0C78CC2841969700FE9433 /* ShowListViewModel.swift */ = {isa = PBXFileReference; lastKnownFileType = sourcecode.swift; path = ShowListViewModel.swift; sourceTree = "<group>"; };
		2B0C78CF284196E700FE9433 /* Show.swift */ = {isa = PBXFileReference; lastKnownFileType = sourcecode.swift; path = Show.swift; sourceTree = "<group>"; };
		2B0C78D42841A98400FE9433 /* RequestHandler.swift */ = {isa = PBXFileReference; lastKnownFileType = sourcecode.swift; path = RequestHandler.swift; sourceTree = "<group>"; };
		2B0C78D62841A9AA00FE9433 /* ResponseHandler.swift */ = {isa = PBXFileReference; lastKnownFileType = sourcecode.swift; path = ResponseHandler.swift; sourceTree = "<group>"; };
		2B0C78D92841A9CE00FE9433 /* NetworkSession.swift */ = {isa = PBXFileReference; lastKnownFileType = sourcecode.swift; path = NetworkSession.swift; sourceTree = "<group>"; };
		2B0C78DB2841A9E200FE9433 /* Router.swift */ = {isa = PBXFileReference; lastKnownFileType = sourcecode.swift; path = Router.swift; sourceTree = "<group>"; };
		2B0C78DD2841AA0600FE9433 /* APILoader.swift */ = {isa = PBXFileReference; lastKnownFileType = sourcecode.swift; path = APILoader.swift; sourceTree = "<group>"; };
		2B0C78E02841AA3600FE9433 /* APIError.swift */ = {isa = PBXFileReference; lastKnownFileType = sourcecode.swift; path = APIError.swift; sourceTree = "<group>"; };
		2B0C78E32841AAA200FE9433 /* URLSession+NetworkSession.swift */ = {isa = PBXFileReference; lastKnownFileType = sourcecode.swift; path = "URLSession+NetworkSession.swift"; sourceTree = "<group>"; };
		2B0C78E52841AB0A00FE9433 /* TVMazeRouter.swift */ = {isa = PBXFileReference; lastKnownFileType = sourcecode.swift; path = TVMazeRouter.swift; sourceTree = "<group>"; };
		2B0C78E72841AC8B00FE9433 /* TVMazeAPI.swift */ = {isa = PBXFileReference; lastKnownFileType = sourcecode.swift; path = TVMazeAPI.swift; sourceTree = "<group>"; };
		2B0C78EB2841AF5E00FE9433 /* TVGuideService.swift */ = {isa = PBXFileReference; lastKnownFileType = sourcecode.swift; path = TVGuideService.swift; sourceTree = "<group>"; };
		2B0C78ED2841D27300FE9433 /* LoadMoreTableViewCell.swift */ = {isa = PBXFileReference; lastKnownFileType = sourcecode.swift; path = LoadMoreTableViewCell.swift; sourceTree = "<group>"; };
		2B0C78F02841DECD00FE9433 /* SearchResult.swift */ = {isa = PBXFileReference; lastKnownFileType = sourcecode.swift; path = SearchResult.swift; sourceTree = "<group>"; };
		2B0C78F32841EC8200FE9433 /* ShowDetailViewController.swift */ = {isa = PBXFileReference; lastKnownFileType = sourcecode.swift; path = ShowDetailViewController.swift; sourceTree = "<group>"; };
		2B0C78F52841FE8400FE9433 /* ShowDetailViewModel.swift */ = {isa = PBXFileReference; lastKnownFileType = sourcecode.swift; path = ShowDetailViewModel.swift; sourceTree = "<group>"; };
		2B0C78F82841FF7000FE9433 /* ShowDetailHeaderTableCell.swift */ = {isa = PBXFileReference; lastKnownFileType = sourcecode.swift; path = ShowDetailHeaderTableCell.swift; sourceTree = "<group>"; };
		2B0C78FA2842014A00FE9433 /* UIView+Apply.swift */ = {isa = PBXFileReference; lastKnownFileType = sourcecode.swift; path = "UIView+Apply.swift"; sourceTree = "<group>"; };
		2B0C79032842172E00FE9433 /* SummaryTableCell.swift */ = {isa = PBXFileReference; lastKnownFileType = sourcecode.swift; path = SummaryTableCell.swift; sourceTree = "<group>"; };
		2B0C790528422BC000FE9433 /* Season.swift */ = {isa = PBXFileReference; lastKnownFileType = sourcecode.swift; path = Season.swift; sourceTree = "<group>"; };
		2B0C790728422C0C00FE9433 /* Episode.swift */ = {isa = PBXFileReference; lastKnownFileType = sourcecode.swift; path = Episode.swift; sourceTree = "<group>"; };
		2B0C7909284335CB00FE9433 /* ShowDetailEpisodeTableCell.swift */ = {isa = PBXFileReference; lastKnownFileType = sourcecode.swift; path = ShowDetailEpisodeTableCell.swift; sourceTree = "<group>"; };
		2B0C790B2843429100FE9433 /* ShowDetailEpisodesHeaderCell.swift */ = {isa = PBXFileReference; lastKnownFileType = sourcecode.swift; path = ShowDetailEpisodesHeaderCell.swift; sourceTree = "<group>"; };
		2B0C790D284344E200FE9433 /* UIFont+AppFonts.swift */ = {isa = PBXFileReference; lastKnownFileType = sourcecode.swift; path = "UIFont+AppFonts.swift"; sourceTree = "<group>"; };
		2B0C791028434B7B00FE9433 /* EpisodeDetailViewController.swift */ = {isa = PBXFileReference; lastKnownFileType = sourcecode.swift; path = EpisodeDetailViewController.swift; sourceTree = "<group>"; };
		2B0C791228434C1900FE9433 /* EpisodeDetailViewModel.swift */ = {isa = PBXFileReference; lastKnownFileType = sourcecode.swift; path = EpisodeDetailViewModel.swift; sourceTree = "<group>"; };
		2B0C79152843509000FE9433 /* PictureTableCell.swift */ = {isa = PBXFileReference; lastKnownFileType = sourcecode.swift; path = PictureTableCell.swift; sourceTree = "<group>"; };
		2B0C79182843510A00FE9433 /* Constants.swift */ = {isa = PBXFileReference; lastKnownFileType = sourcecode.swift; path = Constants.swift; sourceTree = "<group>"; };
		2C0A6DCD9ACD05057F6DDB00 /* Pods_TV_Guide_TV_GuideUITests.framework */ = {isa = PBXFileReference; explicitFileType = wrapper.framework; includeInIndex = 0; path = Pods_TV_Guide_TV_GuideUITests.framework; sourceTree = BUILT_PRODUCTS_DIR; };
		72C622444FE84DB5C0969082 /* Pods_TV_GuideTests.framework */ = {isa = PBXFileReference; explicitFileType = wrapper.framework; includeInIndex = 0; path = Pods_TV_GuideTests.framework; sourceTree = BUILT_PRODUCTS_DIR; };
		868CA0CA73DE126C430815AF /* Pods-TV GuideTests.release.xcconfig */ = {isa = PBXFileReference; includeInIndex = 1; lastKnownFileType = text.xcconfig; name = "Pods-TV GuideTests.release.xcconfig"; path = "Target Support Files/Pods-TV GuideTests/Pods-TV GuideTests.release.xcconfig"; sourceTree = "<group>"; };
		8DCF6BA83DFBAF1FA3C3D91A /* Pods-TV GuideTests.debug.xcconfig */ = {isa = PBXFileReference; includeInIndex = 1; lastKnownFileType = text.xcconfig; name = "Pods-TV GuideTests.debug.xcconfig"; path = "Target Support Files/Pods-TV GuideTests/Pods-TV GuideTests.debug.xcconfig"; sourceTree = "<group>"; };
		9BAB01B696987F7E60D08FFE /* Pods_TV_Guide.framework */ = {isa = PBXFileReference; explicitFileType = wrapper.framework; includeInIndex = 0; path = Pods_TV_Guide.framework; sourceTree = BUILT_PRODUCTS_DIR; };
		9E2C1FF2B297B90EFC1FF67E /* Pods-TV Guide-TV GuideUITests.debug.xcconfig */ = {isa = PBXFileReference; includeInIndex = 1; lastKnownFileType = text.xcconfig; name = "Pods-TV Guide-TV GuideUITests.debug.xcconfig"; path = "Target Support Files/Pods-TV Guide-TV GuideUITests/Pods-TV Guide-TV GuideUITests.debug.xcconfig"; sourceTree = "<group>"; };
		AEA7EEA85FAFE6C6198E0971 /* Pods-TV Guide.release.xcconfig */ = {isa = PBXFileReference; includeInIndex = 1; lastKnownFileType = text.xcconfig; name = "Pods-TV Guide.release.xcconfig"; path = "Target Support Files/Pods-TV Guide/Pods-TV Guide.release.xcconfig"; sourceTree = "<group>"; };
		BFF8277B48A645964C97F9D3 /* Pods-TV Guide.debug.xcconfig */ = {isa = PBXFileReference; includeInIndex = 1; lastKnownFileType = text.xcconfig; name = "Pods-TV Guide.debug.xcconfig"; path = "Target Support Files/Pods-TV Guide/Pods-TV Guide.debug.xcconfig"; sourceTree = "<group>"; };
		E3AAB202E434DBA86AC0EB0C /* Pods-TV Guide-TV GuideUITests.release.xcconfig */ = {isa = PBXFileReference; includeInIndex = 1; lastKnownFileType = text.xcconfig; name = "Pods-TV Guide-TV GuideUITests.release.xcconfig"; path = "Target Support Files/Pods-TV Guide-TV GuideUITests/Pods-TV Guide-TV GuideUITests.release.xcconfig"; sourceTree = "<group>"; };
/* End PBXFileReference section */

/* Begin PBXFrameworksBuildPhase section */
		2B0C788328417C9B00FE9433 /* Frameworks */ = {
			isa = PBXFrameworksBuildPhase;
			buildActionMask = 2147483647;
			files = (
				ECF5BB01225737340D7A12BA /* Pods_TV_Guide.framework in Frameworks */,
			);
			runOnlyForDeploymentPostprocessing = 0;
		};
		2B0C789928417C9F00FE9433 /* Frameworks */ = {
			isa = PBXFrameworksBuildPhase;
			buildActionMask = 2147483647;
			files = (
				236EA691F6833F3B6E20C439 /* Pods_TV_GuideTests.framework in Frameworks */,
			);
			runOnlyForDeploymentPostprocessing = 0;
		};
		2B0C78A328417C9F00FE9433 /* Frameworks */ = {
			isa = PBXFrameworksBuildPhase;
			buildActionMask = 2147483647;
			files = (
				481908B09E68A5B0C1FA56D6 /* Pods_TV_Guide_TV_GuideUITests.framework in Frameworks */,
			);
			runOnlyForDeploymentPostprocessing = 0;
		};
/* End PBXFrameworksBuildPhase section */

/* Begin PBXGroup section */
		2B0C787D28417C9B00FE9433 = {
			isa = PBXGroup;
			children = (
				2B0C788828417C9B00FE9433 /* TV Guide */,
				2B0C789F28417C9F00FE9433 /* TV GuideTests */,
				2B0C788728417C9B00FE9433 /* Products */,
				D2888A0E706BBD5126DFCF5D /* Pods */,
				75D5BA6642CF7AFB6AF378AB /* Frameworks */,
			);
			sourceTree = "<group>";
		};
		2B0C788728417C9B00FE9433 /* Products */ = {
			isa = PBXGroup;
			children = (
				2B0C788628417C9B00FE9433 /* TV Guide.app */,
				2B0C789C28417C9F00FE9433 /* TV GuideTests.xctest */,
				2B0C78A628417C9F00FE9433 /* TV GuideUITests.xctest */,
			);
			name = Products;
			sourceTree = "<group>";
		};
		2B0C788828417C9B00FE9433 /* TV Guide */ = {
			isa = PBXGroup;
			children = (
				2B0C791428434EF400FE9433 /* Common */,
				2B0C78B928417D6A00FE9433 /* App Delegate */,
				2B0C78BC28417E1D00FE9433 /* Assets */,
				2B0C78C02841833500FE9433 /* Extensions */,
				2B0C78CE284196E000FE9433 /* Models */,
				2B0C78D22841A95E00FE9433 /* Network */,
				2B0C78E92841AF4300FE9433 /* Service */,
				2B0C78BA28417E0300FE9433 /* Scenes */,
				2B0C78BB28417E0F00FE9433 /* Storyboards */,
				2B0C789728417C9E00FE9433 /* Info.plist */,
				2B0C78BE28417FE800FE9433 /* R.generated.swift */,
			);
			path = "TV Guide";
			sourceTree = "<group>";
		};
		2B0C789F28417C9F00FE9433 /* TV GuideTests */ = {
			isa = PBXGroup;
			children = (
				2B0C78A028417C9F00FE9433 /* TV_GuideTests.swift */,
			);
			path = "TV GuideTests";
			sourceTree = "<group>";
		};
		2B0C78B928417D6A00FE9433 /* App Delegate */ = {
			isa = PBXGroup;
			children = (
				2B0C788928417C9B00FE9433 /* AppDelegate.swift */,
				2B0C788B28417C9B00FE9433 /* SceneDelegate.swift */,
			);
			path = "App Delegate";
			sourceTree = "<group>";
		};
		2B0C78BA28417E0300FE9433 /* Scenes */ = {
			isa = PBXGroup;
			children = (
				2B0C790F28434B3600FE9433 /* Episode Detail */,
				2B0C78F22841EC7400FE9433 /* Show Detail */,
				2B0C78C3284185A500FE9433 /* Show List */,
			);
			path = Scenes;
			sourceTree = "<group>";
		};
		2B0C78BB28417E0F00FE9433 /* Storyboards */ = {
			isa = PBXGroup;
			children = (
				2B0C789428417C9E00FE9433 /* LaunchScreen.storyboard */,
			);
			path = Storyboards;
			sourceTree = "<group>";
		};
		2B0C78BC28417E1D00FE9433 /* Assets */ = {
			isa = PBXGroup;
			children = (
				2B0C789228417C9E00FE9433 /* Assets.xcassets */,
				2B0C78C82841964300FE9433 /* Localizable.strings */,
				2B0C790D284344E200FE9433 /* UIFont+AppFonts.swift */,
			);
			path = Assets;
			sourceTree = "<group>";
		};
		2B0C78C02841833500FE9433 /* Extensions */ = {
			isa = PBXGroup;
			children = (
				2B0C78C12841834800FE9433 /* UIView+Constraints.swift */,
				2B0C78C6284194AA00FE9433 /* UITableView+Cell.swift */,
				2B0C78FA2842014A00FE9433 /* UIView+Apply.swift */,
			);
			path = Extensions;
			sourceTree = "<group>";
		};
		2B0C78C3284185A500FE9433 /* Show List */ = {
			isa = PBXGroup;
			children = (
				2B0C78EF2841D3F500FE9433 /* Cells */,
				2B0C788D28417C9B00FE9433 /* ShowsListViewController.swift */,
				2B0C78CC2841969700FE9433 /* ShowListViewModel.swift */,
			);
			path = "Show List";
			sourceTree = "<group>";
		};
		2B0C78CE284196E000FE9433 /* Models */ = {
			isa = PBXGroup;
			children = (
				2B0C78CF284196E700FE9433 /* Show.swift */,
				2B0C78F02841DECD00FE9433 /* SearchResult.swift */,
				2B0C790528422BC000FE9433 /* Season.swift */,
				2B0C790728422C0C00FE9433 /* Episode.swift */,
			);
			path = Models;
			sourceTree = "<group>";
		};
		2B0C78D22841A95E00FE9433 /* Network */ = {
			isa = PBXGroup;
			children = (
				2B0C78DF2841AA2300FE9433 /* Error */,
				2B0C78E22841AA8100FE9433 /* Extension */,
				2B0C78D32841A97400FE9433 /* Handlers */,
				2B0C78D82841A9BC00FE9433 /* Protocol */,
				2B0C78DD2841AA0600FE9433 /* APILoader.swift */,
				2B0C78E52841AB0A00FE9433 /* TVMazeRouter.swift */,
				2B0C78E72841AC8B00FE9433 /* TVMazeAPI.swift */,
			);
			path = Network;
			sourceTree = "<group>";
		};
		2B0C78D32841A97400FE9433 /* Handlers */ = {
			isa = PBXGroup;
			children = (
				2B0C78D42841A98400FE9433 /* RequestHandler.swift */,
				2B0C78D62841A9AA00FE9433 /* ResponseHandler.swift */,
			);
			path = Handlers;
			sourceTree = "<group>";
		};
		2B0C78D82841A9BC00FE9433 /* Protocol */ = {
			isa = PBXGroup;
			children = (
				2B0C78D92841A9CE00FE9433 /* NetworkSession.swift */,
				2B0C78DB2841A9E200FE9433 /* Router.swift */,
			);
			path = Protocol;
			sourceTree = "<group>";
		};
		2B0C78DF2841AA2300FE9433 /* Error */ = {
			isa = PBXGroup;
			children = (
				2B0C78E02841AA3600FE9433 /* APIError.swift */,
			);
			path = Error;
			sourceTree = "<group>";
		};
		2B0C78E22841AA8100FE9433 /* Extension */ = {
			isa = PBXGroup;
			children = (
				2B0C78E32841AAA200FE9433 /* URLSession+NetworkSession.swift */,
			);
			path = Extension;
			sourceTree = "<group>";
		};
		2B0C78E92841AF4300FE9433 /* Service */ = {
			isa = PBXGroup;
			children = (
				2B0C78EB2841AF5E00FE9433 /* TVGuideService.swift */,
			);
			path = Service;
			sourceTree = "<group>";
		};
		2B0C78EF2841D3F500FE9433 /* Cells */ = {
			isa = PBXGroup;
			children = (
				2B0C78ED2841D27300FE9433 /* LoadMoreTableViewCell.swift */,
				2B0C78C4284185D200FE9433 /* ShowListTableViewCell.swift */,
			);
			path = Cells;
			sourceTree = "<group>";
		};
		2B0C78F22841EC7400FE9433 /* Show Detail */ = {
			isa = PBXGroup;
			children = (
				2B0C78F72841FF5700FE9433 /* Cells */,
				2B0C78F32841EC8200FE9433 /* ShowDetailViewController.swift */,
				2B0C78F52841FE8400FE9433 /* ShowDetailViewModel.swift */,
			);
			path = "Show Detail";
			sourceTree = "<group>";
		};
		2B0C78F72841FF5700FE9433 /* Cells */ = {
			isa = PBXGroup;
			children = (
				2B0C78F82841FF7000FE9433 /* ShowDetailHeaderTableCell.swift */,
				2B0C7909284335CB00FE9433 /* ShowDetailEpisodeTableCell.swift */,
				2B0C790B2843429100FE9433 /* ShowDetailEpisodesHeaderCell.swift */,
			);
			path = Cells;
			sourceTree = "<group>";
		};
		2B0C790F28434B3600FE9433 /* Episode Detail */ = {
			isa = PBXGroup;
			children = (
				2B0C791028434B7B00FE9433 /* EpisodeDetailViewController.swift */,
				2B0C791228434C1900FE9433 /* EpisodeDetailViewModel.swift */,
			);
			path = "Episode Detail";
			sourceTree = "<group>";
		};
		2B0C791428434EF400FE9433 /* Common */ = {
			isa = PBXGroup;
			children = (
				2B0C7917284350F700FE9433 /* Cells */,
				2B0C79182843510A00FE9433 /* Constants.swift */,
			);
			path = Common;
			sourceTree = "<group>";
		};
		2B0C7917284350F700FE9433 /* Cells */ = {
			isa = PBXGroup;
			children = (
				2B0C79152843509000FE9433 /* PictureTableCell.swift */,
				2B0C79032842172E00FE9433 /* SummaryTableCell.swift */,
			);
			path = Cells;
			sourceTree = "<group>";
		};
		75D5BA6642CF7AFB6AF378AB /* Frameworks */ = {
			isa = PBXGroup;
			children = (
				9BAB01B696987F7E60D08FFE /* Pods_TV_Guide.framework */,
				2C0A6DCD9ACD05057F6DDB00 /* Pods_TV_Guide_TV_GuideUITests.framework */,
				72C622444FE84DB5C0969082 /* Pods_TV_GuideTests.framework */,
			);
			name = Frameworks;
			sourceTree = "<group>";
		};
		D2888A0E706BBD5126DFCF5D /* Pods */ = {
			isa = PBXGroup;
			children = (
				BFF8277B48A645964C97F9D3 /* Pods-TV Guide.debug.xcconfig */,
				AEA7EEA85FAFE6C6198E0971 /* Pods-TV Guide.release.xcconfig */,
				9E2C1FF2B297B90EFC1FF67E /* Pods-TV Guide-TV GuideUITests.debug.xcconfig */,
				E3AAB202E434DBA86AC0EB0C /* Pods-TV Guide-TV GuideUITests.release.xcconfig */,
				8DCF6BA83DFBAF1FA3C3D91A /* Pods-TV GuideTests.debug.xcconfig */,
				868CA0CA73DE126C430815AF /* Pods-TV GuideTests.release.xcconfig */,
			);
			path = Pods;
			sourceTree = "<group>";
		};
/* End PBXGroup section */

/* Begin PBXNativeTarget section */
		2B0C788528417C9B00FE9433 /* TV Guide */ = {
			isa = PBXNativeTarget;
			buildConfigurationList = 2B0C78B028417C9F00FE9433 /* Build configuration list for PBXNativeTarget "TV Guide" */;
			buildPhases = (
				6F87DDAC30AA3C42DB2560A2 /* [CP] Check Pods Manifest.lock */,
				2B0C78BD28417F7F00FE9433 /* ShellScript */,
				2B0C788228417C9B00FE9433 /* Sources */,
				2B0C788328417C9B00FE9433 /* Frameworks */,
				2B0C788428417C9B00FE9433 /* Resources */,
				093560F9C48C96C22726B376 /* [CP] Embed Pods Frameworks */,
			);
			buildRules = (
			);
			dependencies = (
			);
			name = "TV Guide";
			productName = "TV Guide";
			productReference = 2B0C788628417C9B00FE9433 /* TV Guide.app */;
			productType = "com.apple.product-type.application";
		};
		2B0C789B28417C9F00FE9433 /* TV GuideTests */ = {
			isa = PBXNativeTarget;
			buildConfigurationList = 2B0C78B328417C9F00FE9433 /* Build configuration list for PBXNativeTarget "TV GuideTests" */;
			buildPhases = (
				AFD3A650EA420F90AB9FDEE9 /* [CP] Check Pods Manifest.lock */,
				2B0C789828417C9F00FE9433 /* Sources */,
				2B0C789928417C9F00FE9433 /* Frameworks */,
				2B0C789A28417C9F00FE9433 /* Resources */,
			);
			buildRules = (
			);
			dependencies = (
				2B0C789E28417C9F00FE9433 /* PBXTargetDependency */,
			);
			name = "TV GuideTests";
			productName = "TV GuideTests";
			productReference = 2B0C789C28417C9F00FE9433 /* TV GuideTests.xctest */;
			productType = "com.apple.product-type.bundle.unit-test";
		};
		2B0C78A528417C9F00FE9433 /* TV GuideUITests */ = {
			isa = PBXNativeTarget;
			buildConfigurationList = 2B0C78B628417C9F00FE9433 /* Build configuration list for PBXNativeTarget "TV GuideUITests" */;
			buildPhases = (
				0AA64E49DC85DC5E74A05977 /* [CP] Check Pods Manifest.lock */,
				2B0C78A228417C9F00FE9433 /* Sources */,
				2B0C78A328417C9F00FE9433 /* Frameworks */,
				2B0C78A428417C9F00FE9433 /* Resources */,
				0907642BA42134F38AD3A038 /* [CP] Embed Pods Frameworks */,
			);
			buildRules = (
			);
			dependencies = (
				2B0C78A828417C9F00FE9433 /* PBXTargetDependency */,
			);
			name = "TV GuideUITests";
			productName = "TV GuideUITests";
			productReference = 2B0C78A628417C9F00FE9433 /* TV GuideUITests.xctest */;
			productType = "com.apple.product-type.bundle.ui-testing";
		};
/* End PBXNativeTarget section */

/* Begin PBXProject section */
		2B0C787E28417C9B00FE9433 /* Project object */ = {
			isa = PBXProject;
			attributes = {
				BuildIndependentTargetsInParallel = 1;
				LastSwiftUpdateCheck = 1340;
				LastUpgradeCheck = 1340;
				TargetAttributes = {
					2B0C788528417C9B00FE9433 = {
						CreatedOnToolsVersion = 13.4;
					};
					2B0C789B28417C9F00FE9433 = {
						CreatedOnToolsVersion = 13.4;
						TestTargetID = 2B0C788528417C9B00FE9433;
					};
					2B0C78A528417C9F00FE9433 = {
						CreatedOnToolsVersion = 13.4;
						TestTargetID = 2B0C788528417C9B00FE9433;
					};
				};
			};
			buildConfigurationList = 2B0C788128417C9B00FE9433 /* Build configuration list for PBXProject "TV Guide" */;
			compatibilityVersion = "Xcode 13.0";
			developmentRegion = en;
			hasScannedForEncodings = 0;
			knownRegions = (
				en,
				Base,
			);
			mainGroup = 2B0C787D28417C9B00FE9433;
			productRefGroup = 2B0C788728417C9B00FE9433 /* Products */;
			projectDirPath = "";
			projectRoot = "";
			targets = (
				2B0C788528417C9B00FE9433 /* TV Guide */,
				2B0C789B28417C9F00FE9433 /* TV GuideTests */,
				2B0C78A528417C9F00FE9433 /* TV GuideUITests */,
			);
		};
/* End PBXProject section */

/* Begin PBXResourcesBuildPhase section */
		2B0C788428417C9B00FE9433 /* Resources */ = {
			isa = PBXResourcesBuildPhase;
			buildActionMask = 2147483647;
			files = (
				2B0C789628417C9E00FE9433 /* LaunchScreen.storyboard in Resources */,
				2B0C78C92841964300FE9433 /* Localizable.strings in Resources */,
				2B0C789328417C9E00FE9433 /* Assets.xcassets in Resources */,
			);
			runOnlyForDeploymentPostprocessing = 0;
		};
		2B0C789A28417C9F00FE9433 /* Resources */ = {
			isa = PBXResourcesBuildPhase;
			buildActionMask = 2147483647;
			files = (
			);
			runOnlyForDeploymentPostprocessing = 0;
		};
		2B0C78A428417C9F00FE9433 /* Resources */ = {
			isa = PBXResourcesBuildPhase;
			buildActionMask = 2147483647;
			files = (
			);
			runOnlyForDeploymentPostprocessing = 0;
		};
/* End PBXResourcesBuildPhase section */

/* Begin PBXShellScriptBuildPhase section */
		0907642BA42134F38AD3A038 /* [CP] Embed Pods Frameworks */ = {
			isa = PBXShellScriptBuildPhase;
			buildActionMask = 2147483647;
			files = (
			);
			inputFileListPaths = (
				"${PODS_ROOT}/Target Support Files/Pods-TV Guide-TV GuideUITests/Pods-TV Guide-TV GuideUITests-frameworks-${CONFIGURATION}-input-files.xcfilelist",
			);
			name = "[CP] Embed Pods Frameworks";
			outputFileListPaths = (
				"${PODS_ROOT}/Target Support Files/Pods-TV Guide-TV GuideUITests/Pods-TV Guide-TV GuideUITests-frameworks-${CONFIGURATION}-output-files.xcfilelist",
			);
			runOnlyForDeploymentPostprocessing = 0;
			shellPath = /bin/sh;
			shellScript = "\"${PODS_ROOT}/Target Support Files/Pods-TV Guide-TV GuideUITests/Pods-TV Guide-TV GuideUITests-frameworks.sh\"\n";
			showEnvVarsInLog = 0;
		};
		093560F9C48C96C22726B376 /* [CP] Embed Pods Frameworks */ = {
			isa = PBXShellScriptBuildPhase;
			buildActionMask = 2147483647;
			files = (
			);
			inputFileListPaths = (
				"${PODS_ROOT}/Target Support Files/Pods-TV Guide/Pods-TV Guide-frameworks-${CONFIGURATION}-input-files.xcfilelist",
			);
			name = "[CP] Embed Pods Frameworks";
			outputFileListPaths = (
				"${PODS_ROOT}/Target Support Files/Pods-TV Guide/Pods-TV Guide-frameworks-${CONFIGURATION}-output-files.xcfilelist",
			);
			runOnlyForDeploymentPostprocessing = 0;
			shellPath = /bin/sh;
			shellScript = "\"${PODS_ROOT}/Target Support Files/Pods-TV Guide/Pods-TV Guide-frameworks.sh\"\n";
			showEnvVarsInLog = 0;
		};
		0AA64E49DC85DC5E74A05977 /* [CP] Check Pods Manifest.lock */ = {
			isa = PBXShellScriptBuildPhase;
			buildActionMask = 2147483647;
			files = (
			);
			inputFileListPaths = (
			);
			inputPaths = (
				"${PODS_PODFILE_DIR_PATH}/Podfile.lock",
				"${PODS_ROOT}/Manifest.lock",
			);
			name = "[CP] Check Pods Manifest.lock";
			outputFileListPaths = (
			);
			outputPaths = (
				"$(DERIVED_FILE_DIR)/Pods-TV Guide-TV GuideUITests-checkManifestLockResult.txt",
			);
			runOnlyForDeploymentPostprocessing = 0;
			shellPath = /bin/sh;
			shellScript = "diff \"${PODS_PODFILE_DIR_PATH}/Podfile.lock\" \"${PODS_ROOT}/Manifest.lock\" > /dev/null\nif [ $? != 0 ] ; then\n    # print error to STDERR\n    echo \"error: The sandbox is not in sync with the Podfile.lock. Run 'pod install' or update your CocoaPods installation.\" >&2\n    exit 1\nfi\n# This output is used by Xcode 'outputs' to avoid re-running this script phase.\necho \"SUCCESS\" > \"${SCRIPT_OUTPUT_FILE_0}\"\n";
			showEnvVarsInLog = 0;
		};
		2B0C78BD28417F7F00FE9433 /* ShellScript */ = {
			isa = PBXShellScriptBuildPhase;
			alwaysOutOfDate = 1;
			buildActionMask = 2147483647;
			files = (
			);
			inputFileListPaths = (
			);
			inputPaths = (
			);
			outputFileListPaths = (
			);
			outputPaths = (
				$SRCROOT/R.generated.swift,
			);
			runOnlyForDeploymentPostprocessing = 0;
			shellPath = /bin/sh;
			shellScript = "\"$PODS_ROOT/R.swift/rswift\" generate \"$SRCROOT/R.generated.swift\"\n";
		};
		6F87DDAC30AA3C42DB2560A2 /* [CP] Check Pods Manifest.lock */ = {
			isa = PBXShellScriptBuildPhase;
			buildActionMask = 2147483647;
			files = (
			);
			inputFileListPaths = (
			);
			inputPaths = (
				"${PODS_PODFILE_DIR_PATH}/Podfile.lock",
				"${PODS_ROOT}/Manifest.lock",
			);
			name = "[CP] Check Pods Manifest.lock";
			outputFileListPaths = (
			);
			outputPaths = (
				"$(DERIVED_FILE_DIR)/Pods-TV Guide-checkManifestLockResult.txt",
			);
			runOnlyForDeploymentPostprocessing = 0;
			shellPath = /bin/sh;
			shellScript = "diff \"${PODS_PODFILE_DIR_PATH}/Podfile.lock\" \"${PODS_ROOT}/Manifest.lock\" > /dev/null\nif [ $? != 0 ] ; then\n    # print error to STDERR\n    echo \"error: The sandbox is not in sync with the Podfile.lock. Run 'pod install' or update your CocoaPods installation.\" >&2\n    exit 1\nfi\n# This output is used by Xcode 'outputs' to avoid re-running this script phase.\necho \"SUCCESS\" > \"${SCRIPT_OUTPUT_FILE_0}\"\n";
			showEnvVarsInLog = 0;
		};
		AFD3A650EA420F90AB9FDEE9 /* [CP] Check Pods Manifest.lock */ = {
			isa = PBXShellScriptBuildPhase;
			buildActionMask = 2147483647;
			files = (
			);
			inputFileListPaths = (
			);
			inputPaths = (
				"${PODS_PODFILE_DIR_PATH}/Podfile.lock",
				"${PODS_ROOT}/Manifest.lock",
			);
			name = "[CP] Check Pods Manifest.lock";
			outputFileListPaths = (
			);
			outputPaths = (
				"$(DERIVED_FILE_DIR)/Pods-TV GuideTests-checkManifestLockResult.txt",
			);
			runOnlyForDeploymentPostprocessing = 0;
			shellPath = /bin/sh;
			shellScript = "diff \"${PODS_PODFILE_DIR_PATH}/Podfile.lock\" \"${PODS_ROOT}/Manifest.lock\" > /dev/null\nif [ $? != 0 ] ; then\n    # print error to STDERR\n    echo \"error: The sandbox is not in sync with the Podfile.lock. Run 'pod install' or update your CocoaPods installation.\" >&2\n    exit 1\nfi\n# This output is used by Xcode 'outputs' to avoid re-running this script phase.\necho \"SUCCESS\" > \"${SCRIPT_OUTPUT_FILE_0}\"\n";
			showEnvVarsInLog = 0;
		};
/* End PBXShellScriptBuildPhase section */

/* Begin PBXSourcesBuildPhase section */
		2B0C788228417C9B00FE9433 /* Sources */ = {
			isa = PBXSourcesBuildPhase;
			buildActionMask = 2147483647;
			files = (
				2B0C78F62841FE8400FE9433 /* ShowDetailViewModel.swift in Sources */,
				2B0C78C7284194AA00FE9433 /* UITableView+Cell.swift in Sources */,
				2B0C78F12841DECD00FE9433 /* SearchResult.swift in Sources */,
				2B0C78E82841AC8B00FE9433 /* TVMazeAPI.swift in Sources */,
				2B0C790E284344E200FE9433 /* UIFont+AppFonts.swift in Sources */,
				2B0C791128434B7B00FE9433 /* EpisodeDetailViewController.swift in Sources */,
				2B0C788E28417C9B00FE9433 /* ShowsListViewController.swift in Sources */,
				2B0C788A28417C9B00FE9433 /* AppDelegate.swift in Sources */,
				2B0C78D72841A9AA00FE9433 /* ResponseHandler.swift in Sources */,
				2B0C78CD2841969700FE9433 /* ShowListViewModel.swift in Sources */,
				2B0C78C22841834800FE9433 /* UIView+Constraints.swift in Sources */,
				2B0C79162843509000FE9433 /* PictureTableCell.swift in Sources */,
				2B0C791328434C1900FE9433 /* EpisodeDetailViewModel.swift in Sources */,
				2B0C790828422C0C00FE9433 /* Episode.swift in Sources */,
				2B0C788C28417C9B00FE9433 /* SceneDelegate.swift in Sources */,
				2B0C78EC2841AF5E00FE9433 /* TVGuideService.swift in Sources */,
				2B0C78F42841EC8200FE9433 /* ShowDetailViewController.swift in Sources */,
				2B0C78E42841AAA200FE9433 /* URLSession+NetworkSession.swift in Sources */,
				2B0C78FB2842014A00FE9433 /* UIView+Apply.swift in Sources */,
				2B0C78D52841A98400FE9433 /* RequestHandler.swift in Sources */,
				2B0C78E62841AB0A00FE9433 /* TVMazeRouter.swift in Sources */,
				2B0C79042842172E00FE9433 /* SummaryTableCell.swift in Sources */,
				2B0C78F92841FF7000FE9433 /* ShowDetailHeaderTableCell.swift in Sources */,
				2B0C78EE2841D27300FE9433 /* LoadMoreTableViewCell.swift in Sources */,
				2B0C790628422BC000FE9433 /* Season.swift in Sources */,
				2B0C79192843510A00FE9433 /* Constants.swift in Sources */,
				2B0C790A284335CB00FE9433 /* ShowDetailEpisodeTableCell.swift in Sources */,
				2B0C790C2843429200FE9433 /* ShowDetailEpisodesHeaderCell.swift in Sources */,
				2B0C78E12841AA3600FE9433 /* APIError.swift in Sources */,
				2B0C78C5284185D200FE9433 /* ShowListTableViewCell.swift in Sources */,
				2B0C78DE2841AA0600FE9433 /* APILoader.swift in Sources */,
				2B0C78DA2841A9CE00FE9433 /* NetworkSession.swift in Sources */,
				2B0C78D0284196E700FE9433 /* Show.swift in Sources */,
				2B0C78BF28417FE800FE9433 /* R.generated.swift in Sources */,
				2B0C78DC2841A9E200FE9433 /* Router.swift in Sources */,
			);
			runOnlyForDeploymentPostprocessing = 0;
		};
		2B0C789828417C9F00FE9433 /* Sources */ = {
			isa = PBXSourcesBuildPhase;
			buildActionMask = 2147483647;
			files = (
				2B0C78A128417C9F00FE9433 /* TV_GuideTests.swift in Sources */,
			);
			runOnlyForDeploymentPostprocessing = 0;
		};
		2B0C78A228417C9F00FE9433 /* Sources */ = {
			isa = PBXSourcesBuildPhase;
			buildActionMask = 2147483647;
			files = (
			);
			runOnlyForDeploymentPostprocessing = 0;
		};
/* End PBXSourcesBuildPhase section */

/* Begin PBXTargetDependency section */
		2B0C789E28417C9F00FE9433 /* PBXTargetDependency */ = {
			isa = PBXTargetDependency;
			target = 2B0C788528417C9B00FE9433 /* TV Guide */;
			targetProxy = 2B0C789D28417C9F00FE9433 /* PBXContainerItemProxy */;
		};
		2B0C78A828417C9F00FE9433 /* PBXTargetDependency */ = {
			isa = PBXTargetDependency;
			target = 2B0C788528417C9B00FE9433 /* TV Guide */;
			targetProxy = 2B0C78A728417C9F00FE9433 /* PBXContainerItemProxy */;
		};
/* End PBXTargetDependency section */

/* Begin PBXVariantGroup section */
		2B0C789428417C9E00FE9433 /* LaunchScreen.storyboard */ = {
			isa = PBXVariantGroup;
			children = (
				2B0C789528417C9E00FE9433 /* Base */,
			);
			name = LaunchScreen.storyboard;
			sourceTree = "<group>";
		};
/* End PBXVariantGroup section */

/* Begin XCBuildConfiguration section */
		2B0C78AE28417C9F00FE9433 /* Debug */ = {
			isa = XCBuildConfiguration;
			buildSettings = {
				ALWAYS_SEARCH_USER_PATHS = NO;
				CLANG_ANALYZER_NONNULL = YES;
				CLANG_ANALYZER_NUMBER_OBJECT_CONVERSION = YES_AGGRESSIVE;
				CLANG_CXX_LANGUAGE_STANDARD = "gnu++17";
				CLANG_ENABLE_MODULES = YES;
				CLANG_ENABLE_OBJC_ARC = YES;
				CLANG_ENABLE_OBJC_WEAK = YES;
				CLANG_WARN_BLOCK_CAPTURE_AUTORELEASING = YES;
				CLANG_WARN_BOOL_CONVERSION = YES;
				CLANG_WARN_COMMA = YES;
				CLANG_WARN_CONSTANT_CONVERSION = YES;
				CLANG_WARN_DEPRECATED_OBJC_IMPLEMENTATIONS = YES;
				CLANG_WARN_DIRECT_OBJC_ISA_USAGE = YES_ERROR;
				CLANG_WARN_DOCUMENTATION_COMMENTS = YES;
				CLANG_WARN_EMPTY_BODY = YES;
				CLANG_WARN_ENUM_CONVERSION = YES;
				CLANG_WARN_INFINITE_RECURSION = YES;
				CLANG_WARN_INT_CONVERSION = YES;
				CLANG_WARN_NON_LITERAL_NULL_CONVERSION = YES;
				CLANG_WARN_OBJC_IMPLICIT_RETAIN_SELF = YES;
				CLANG_WARN_OBJC_LITERAL_CONVERSION = YES;
				CLANG_WARN_OBJC_ROOT_CLASS = YES_ERROR;
				CLANG_WARN_QUOTED_INCLUDE_IN_FRAMEWORK_HEADER = YES;
				CLANG_WARN_RANGE_LOOP_ANALYSIS = YES;
				CLANG_WARN_STRICT_PROTOTYPES = YES;
				CLANG_WARN_SUSPICIOUS_MOVE = YES;
				CLANG_WARN_UNGUARDED_AVAILABILITY = YES_AGGRESSIVE;
				CLANG_WARN_UNREACHABLE_CODE = YES;
				CLANG_WARN__DUPLICATE_METHOD_MATCH = YES;
				COPY_PHASE_STRIP = NO;
				DEBUG_INFORMATION_FORMAT = dwarf;
				ENABLE_STRICT_OBJC_MSGSEND = YES;
				ENABLE_TESTABILITY = YES;
				GCC_C_LANGUAGE_STANDARD = gnu11;
				GCC_DYNAMIC_NO_PIC = NO;
				GCC_NO_COMMON_BLOCKS = YES;
				GCC_OPTIMIZATION_LEVEL = 0;
				GCC_PREPROCESSOR_DEFINITIONS = (
					"DEBUG=1",
					"$(inherited)",
				);
				GCC_WARN_64_TO_32_BIT_CONVERSION = YES;
				GCC_WARN_ABOUT_RETURN_TYPE = YES_ERROR;
				GCC_WARN_UNDECLARED_SELECTOR = YES;
				GCC_WARN_UNINITIALIZED_AUTOS = YES_AGGRESSIVE;
				GCC_WARN_UNUSED_FUNCTION = YES;
				GCC_WARN_UNUSED_VARIABLE = YES;
				IPHONEOS_DEPLOYMENT_TARGET = 15.5;
				MTL_ENABLE_DEBUG_INFO = INCLUDE_SOURCE;
				MTL_FAST_MATH = YES;
				ONLY_ACTIVE_ARCH = YES;
				SDKROOT = iphoneos;
				SWIFT_ACTIVE_COMPILATION_CONDITIONS = DEBUG;
				SWIFT_OPTIMIZATION_LEVEL = "-Onone";
			};
			name = Debug;
		};
		2B0C78AF28417C9F00FE9433 /* Release */ = {
			isa = XCBuildConfiguration;
			buildSettings = {
				ALWAYS_SEARCH_USER_PATHS = NO;
				CLANG_ANALYZER_NONNULL = YES;
				CLANG_ANALYZER_NUMBER_OBJECT_CONVERSION = YES_AGGRESSIVE;
				CLANG_CXX_LANGUAGE_STANDARD = "gnu++17";
				CLANG_ENABLE_MODULES = YES;
				CLANG_ENABLE_OBJC_ARC = YES;
				CLANG_ENABLE_OBJC_WEAK = YES;
				CLANG_WARN_BLOCK_CAPTURE_AUTORELEASING = YES;
				CLANG_WARN_BOOL_CONVERSION = YES;
				CLANG_WARN_COMMA = YES;
				CLANG_WARN_CONSTANT_CONVERSION = YES;
				CLANG_WARN_DEPRECATED_OBJC_IMPLEMENTATIONS = YES;
				CLANG_WARN_DIRECT_OBJC_ISA_USAGE = YES_ERROR;
				CLANG_WARN_DOCUMENTATION_COMMENTS = YES;
				CLANG_WARN_EMPTY_BODY = YES;
				CLANG_WARN_ENUM_CONVERSION = YES;
				CLANG_WARN_INFINITE_RECURSION = YES;
				CLANG_WARN_INT_CONVERSION = YES;
				CLANG_WARN_NON_LITERAL_NULL_CONVERSION = YES;
				CLANG_WARN_OBJC_IMPLICIT_RETAIN_SELF = YES;
				CLANG_WARN_OBJC_LITERAL_CONVERSION = YES;
				CLANG_WARN_OBJC_ROOT_CLASS = YES_ERROR;
				CLANG_WARN_QUOTED_INCLUDE_IN_FRAMEWORK_HEADER = YES;
				CLANG_WARN_RANGE_LOOP_ANALYSIS = YES;
				CLANG_WARN_STRICT_PROTOTYPES = YES;
				CLANG_WARN_SUSPICIOUS_MOVE = YES;
				CLANG_WARN_UNGUARDED_AVAILABILITY = YES_AGGRESSIVE;
				CLANG_WARN_UNREACHABLE_CODE = YES;
				CLANG_WARN__DUPLICATE_METHOD_MATCH = YES;
				COPY_PHASE_STRIP = NO;
				DEBUG_INFORMATION_FORMAT = "dwarf-with-dsym";
				ENABLE_NS_ASSERTIONS = NO;
				ENABLE_STRICT_OBJC_MSGSEND = YES;
				GCC_C_LANGUAGE_STANDARD = gnu11;
				GCC_NO_COMMON_BLOCKS = YES;
				GCC_WARN_64_TO_32_BIT_CONVERSION = YES;
				GCC_WARN_ABOUT_RETURN_TYPE = YES_ERROR;
				GCC_WARN_UNDECLARED_SELECTOR = YES;
				GCC_WARN_UNINITIALIZED_AUTOS = YES_AGGRESSIVE;
				GCC_WARN_UNUSED_FUNCTION = YES;
				GCC_WARN_UNUSED_VARIABLE = YES;
				IPHONEOS_DEPLOYMENT_TARGET = 15.5;
				MTL_ENABLE_DEBUG_INFO = NO;
				MTL_FAST_MATH = YES;
				SDKROOT = iphoneos;
				SWIFT_COMPILATION_MODE = wholemodule;
				SWIFT_OPTIMIZATION_LEVEL = "-O";
				VALIDATE_PRODUCT = YES;
			};
			name = Release;
		};
		2B0C78B128417C9F00FE9433 /* Debug */ = {
			isa = XCBuildConfiguration;
			baseConfigurationReference = BFF8277B48A645964C97F9D3 /* Pods-TV Guide.debug.xcconfig */;
			buildSettings = {
				ASSETCATALOG_COMPILER_APPICON_NAME = AppIcon;
				ASSETCATALOG_COMPILER_GLOBAL_ACCENT_COLOR_NAME = AccentColor;
				CODE_SIGN_STYLE = Automatic;
				CURRENT_PROJECT_VERSION = 1;
				GENERATE_INFOPLIST_FILE = YES;
				INFOPLIST_FILE = "TV Guide/Info.plist";
				INFOPLIST_KEY_UIApplicationSupportsIndirectInputEvents = YES;
				INFOPLIST_KEY_UILaunchStoryboardName = LaunchScreen;
				INFOPLIST_KEY_UISupportedInterfaceOrientations = UIInterfaceOrientationPortrait;
				INFOPLIST_KEY_UISupportedInterfaceOrientations_iPad = "UIInterfaceOrientationPortrait UIInterfaceOrientationPortraitUpsideDown UIInterfaceOrientationLandscapeLeft UIInterfaceOrientationLandscapeRight";
				INFOPLIST_KEY_UISupportedInterfaceOrientations_iPhone = "UIInterfaceOrientationPortrait UIInterfaceOrientationLandscapeLeft UIInterfaceOrientationLandscapeRight";
				LD_RUNPATH_SEARCH_PATHS = (
					"$(inherited)",
					"@executable_path/Frameworks",
				);
				MARKETING_VERSION = 1.0;
				PRODUCT_BUNDLE_IDENTIFIER = "darosathalisson.TV-Guide";
				PRODUCT_NAME = "$(TARGET_NAME)";
				SWIFT_EMIT_LOC_STRINGS = YES;
				SWIFT_VERSION = 5.0;
				TARGETED_DEVICE_FAMILY = 1;
			};
			name = Debug;
		};
		2B0C78B228417C9F00FE9433 /* Release */ = {
			isa = XCBuildConfiguration;
			baseConfigurationReference = AEA7EEA85FAFE6C6198E0971 /* Pods-TV Guide.release.xcconfig */;
			buildSettings = {
				ASSETCATALOG_COMPILER_APPICON_NAME = AppIcon;
				ASSETCATALOG_COMPILER_GLOBAL_ACCENT_COLOR_NAME = AccentColor;
				CODE_SIGN_STYLE = Automatic;
				CURRENT_PROJECT_VERSION = 1;
				GENERATE_INFOPLIST_FILE = YES;
				INFOPLIST_FILE = "TV Guide/Info.plist";
				INFOPLIST_KEY_UIApplicationSupportsIndirectInputEvents = YES;
				INFOPLIST_KEY_UILaunchStoryboardName = LaunchScreen;
				INFOPLIST_KEY_UISupportedInterfaceOrientations = UIInterfaceOrientationPortrait;
				INFOPLIST_KEY_UISupportedInterfaceOrientations_iPad = "UIInterfaceOrientationPortrait UIInterfaceOrientationPortraitUpsideDown UIInterfaceOrientationLandscapeLeft UIInterfaceOrientationLandscapeRight";
				INFOPLIST_KEY_UISupportedInterfaceOrientations_iPhone = "UIInterfaceOrientationPortrait UIInterfaceOrientationLandscapeLeft UIInterfaceOrientationLandscapeRight";
				LD_RUNPATH_SEARCH_PATHS = (
					"$(inherited)",
					"@executable_path/Frameworks",
				);
				MARKETING_VERSION = 1.0;
				PRODUCT_BUNDLE_IDENTIFIER = "darosathalisson.TV-Guide";
				PRODUCT_NAME = "$(TARGET_NAME)";
				SWIFT_EMIT_LOC_STRINGS = YES;
				SWIFT_VERSION = 5.0;
				TARGETED_DEVICE_FAMILY = 1;
			};
			name = Release;
		};
		2B0C78B428417C9F00FE9433 /* Debug */ = {
			isa = XCBuildConfiguration;
			baseConfigurationReference = 8DCF6BA83DFBAF1FA3C3D91A /* Pods-TV GuideTests.debug.xcconfig */;
			buildSettings = {
				ALWAYS_EMBED_SWIFT_STANDARD_LIBRARIES = YES;
				BUNDLE_LOADER = "$(TEST_HOST)";
				CODE_SIGN_STYLE = Automatic;
				CURRENT_PROJECT_VERSION = 1;
				GENERATE_INFOPLIST_FILE = YES;
				IPHONEOS_DEPLOYMENT_TARGET = 15.5;
				MARKETING_VERSION = 1.0;
				PRODUCT_BUNDLE_IDENTIFIER = "darosathalisson.TV-GuideTests";
				PRODUCT_NAME = "$(TARGET_NAME)";
				SWIFT_EMIT_LOC_STRINGS = NO;
				SWIFT_VERSION = 5.0;
				TARGETED_DEVICE_FAMILY = "1,2";
				TEST_HOST = "$(BUILT_PRODUCTS_DIR)/TV Guide.app/TV Guide";
			};
			name = Debug;
		};
		2B0C78B528417C9F00FE9433 /* Release */ = {
			isa = XCBuildConfiguration;
			baseConfigurationReference = 868CA0CA73DE126C430815AF /* Pods-TV GuideTests.release.xcconfig */;
			buildSettings = {
				ALWAYS_EMBED_SWIFT_STANDARD_LIBRARIES = YES;
				BUNDLE_LOADER = "$(TEST_HOST)";
				CODE_SIGN_STYLE = Automatic;
				CURRENT_PROJECT_VERSION = 1;
				GENERATE_INFOPLIST_FILE = YES;
				IPHONEOS_DEPLOYMENT_TARGET = 15.5;
				MARKETING_VERSION = 1.0;
				PRODUCT_BUNDLE_IDENTIFIER = "darosathalisson.TV-GuideTests";
				PRODUCT_NAME = "$(TARGET_NAME)";
				SWIFT_EMIT_LOC_STRINGS = NO;
				SWIFT_VERSION = 5.0;
				TARGETED_DEVICE_FAMILY = "1,2";
				TEST_HOST = "$(BUILT_PRODUCTS_DIR)/TV Guide.app/TV Guide";
			};
			name = Release;
		};
		2B0C78B728417C9F00FE9433 /* Debug */ = {
			isa = XCBuildConfiguration;
			baseConfigurationReference = 9E2C1FF2B297B90EFC1FF67E /* Pods-TV Guide-TV GuideUITests.debug.xcconfig */;
			buildSettings = {
				ALWAYS_EMBED_SWIFT_STANDARD_LIBRARIES = YES;
				CODE_SIGN_STYLE = Automatic;
				CURRENT_PROJECT_VERSION = 1;
				GENERATE_INFOPLIST_FILE = YES;
				MARKETING_VERSION = 1.0;
				PRODUCT_BUNDLE_IDENTIFIER = "darosathalisson.TV-GuideUITests";
				PRODUCT_NAME = "$(TARGET_NAME)";
				SWIFT_EMIT_LOC_STRINGS = NO;
				SWIFT_VERSION = 5.0;
				TARGETED_DEVICE_FAMILY = "1,2";
				TEST_TARGET_NAME = "TV Guide";
			};
			name = Debug;
		};
		2B0C78B828417C9F00FE9433 /* Release */ = {
			isa = XCBuildConfiguration;
			baseConfigurationReference = E3AAB202E434DBA86AC0EB0C /* Pods-TV Guide-TV GuideUITests.release.xcconfig */;
			buildSettings = {
				ALWAYS_EMBED_SWIFT_STANDARD_LIBRARIES = YES;
				CODE_SIGN_STYLE = Automatic;
				CURRENT_PROJECT_VERSION = 1;
				GENERATE_INFOPLIST_FILE = YES;
				MARKETING_VERSION = 1.0;
				PRODUCT_BUNDLE_IDENTIFIER = "darosathalisson.TV-GuideUITests";
				PRODUCT_NAME = "$(TARGET_NAME)";
				SWIFT_EMIT_LOC_STRINGS = NO;
				SWIFT_VERSION = 5.0;
				TARGETED_DEVICE_FAMILY = "1,2";
				TEST_TARGET_NAME = "TV Guide";
			};
			name = Release;
		};
/* End XCBuildConfiguration section */

/* Begin XCConfigurationList section */
		2B0C788128417C9B00FE9433 /* Build configuration list for PBXProject "TV Guide" */ = {
			isa = XCConfigurationList;
			buildConfigurations = (
				2B0C78AE28417C9F00FE9433 /* Debug */,
				2B0C78AF28417C9F00FE9433 /* Release */,
			);
			defaultConfigurationIsVisible = 0;
			defaultConfigurationName = Release;
		};
		2B0C78B028417C9F00FE9433 /* Build configuration list for PBXNativeTarget "TV Guide" */ = {
			isa = XCConfigurationList;
			buildConfigurations = (
				2B0C78B128417C9F00FE9433 /* Debug */,
				2B0C78B228417C9F00FE9433 /* Release */,
			);
			defaultConfigurationIsVisible = 0;
			defaultConfigurationName = Release;
		};
		2B0C78B328417C9F00FE9433 /* Build configuration list for PBXNativeTarget "TV GuideTests" */ = {
			isa = XCConfigurationList;
			buildConfigurations = (
				2B0C78B428417C9F00FE9433 /* Debug */,
				2B0C78B528417C9F00FE9433 /* Release */,
			);
			defaultConfigurationIsVisible = 0;
			defaultConfigurationName = Release;
		};
		2B0C78B628417C9F00FE9433 /* Build configuration list for PBXNativeTarget "TV GuideUITests" */ = {
			isa = XCConfigurationList;
			buildConfigurations = (
				2B0C78B728417C9F00FE9433 /* Debug */,
				2B0C78B828417C9F00FE9433 /* Release */,
			);
			defaultConfigurationIsVisible = 0;
			defaultConfigurationName = Release;
		};
/* End XCConfigurationList section */
	};
	rootObject = 2B0C787E28417C9B00FE9433 /* Project object */;
}
